
Microsoft Visual Studio Solution File, Format Version 12.00
# Visual Studio Version 16
VisualStudioVersion = 16.0.32002.261
MinimumVisualStudioVersion = 10.0.40219.1
Project("{9A19103F-16F7-4668-BE54-9A1E7A4F7556}") = "SpeakerDiarizationSampleApp", "SpeakerDiarizationSampleApp.csproj", "{C783E0F2-929B-4EFE-B465-E71D757EE51C}"
EndProject
Global
	GlobalSection(SolutionConfigurationPlatforms) = preSolution
		Debug|Any CPU = Debug|Any CPU
		Release|Any CPU = Release|Any CPU
	EndGlobalSection
	GlobalSection(ProjectConfigurationPlatforms) = postSolution
		{C783E0F2-929B-4EFE-B465-E71D757EE51C}.Debug|Any CPU.ActiveCfg = Debug|Any CPU
		{C783E0F2-929B-4EFE-B465-E71D757EE51C}.Debug|Any CPU.Build.0 = Debug|Any CPU
		{C783E0F2-929B-4EFE-B465-E71D757EE51C}.Release|Any CPU.ActiveCfg = Release|Any CPU
		{C783E0F2-929B-4EFE-B465-E71D757EE51C}.Release|Any CPU.Build.0 = Release|Any CPU
	EndGlobalSection
	GlobalSection(SolutionProperties) = preSolution
		HideSolutionNode = FALSE
	EndGlobalSection
	GlobalSection(ExtensibilityGlobals) = postSolution
		SolutionGuid = {4316616A-C2E0-4E6A-A621-7D27714A2441}
	EndGlobalSection
EndGlobal
